{
  "version": "5",
  "specifiers": {
    "npm:@anthropic-ai/sdk@0.56": "0.56.0",
    "npm:@google/generative-ai@0.21": "0.21.0",
    "npm:hono@^4.6.0": "4.12.25"
  },
  "npm": {
    "@anthropic-ai/sdk@0.56.0": {
      "integrity": "sha512-SLCB8M8+VMg1cpCucnA1XWHGWqVSZtIWzmOdDOEu3eTFZMB+A0sGZ1ESO5MHDnqrNTXz3safMrWx9x4rMZSOqA==",
      "bin": true
    },
    "@google/generative-ai@0.21.0": {
      "integrity": "sha512-7XhUbtnlkSEZK15kN3t+tzIMxsbKm/dSkKBFalj+20NvPKe1kBY7mR2P7vuijEn+f06z5+A8bVGKO0v39cr6Wg=="
    },
    "hono@4.12.25": {
      "integrity": "sha512-2NFaIyNVgJmBs/ecmtGzlmluTFs5cHEWGTdu0t1HBwYzoGXOL5nUQBRMXsXWla5i4KkG//QMzVP88m1+I3fdAQ=="
    }
  },
  "workspace": {
    "dependencies": [
      "npm:@anthropic-ai/sdk@0.56",
      "npm:@google/generative-ai@0.21",
      "npm:hono@^4.6.0"
    ]
  }
}
